
Microsoft Visual Studio Solution File, Format Version 12.00
# Visual Studio Version 17
VisualStudioVersion = 17.1.31903.286
MinimumVisualStudioVersion = 10.0.40219.1
Project("{FAE04EC0-301F-11D3-BF4B-00C04F79EFBC}") = "Reversi.Lib", "Reversi.Lib\Reversi.Lib.csproj", "{83FFD3F7-A41B-478E-A98E-2E4EC959A9AF}"
EndProject
Project("{FAE04EC0-301F-11D3-BF4B-00C04F79EFBC}") = "Reversi.GUI", "Reversi.GUI\Reversi.GUI.csproj", "{EF9B4A5F-EB24-4177-80DF-AA8101C18FCA}"
EndProject
Global
	GlobalSection(SolutionConfigurationPlatforms) = preSolution
		Debug|Any CPU = Debug|Any CPU
		Release|Any CPU = Release|Any CPU
	EndGlobalSection
	GlobalSection(ProjectConfigurationPlatforms) = postSolution
		{83FFD3F7-A41B-478E-A98E-2E4EC959A9AF}.Debug|Any CPU.ActiveCfg = Debug|Any CPU
		{83FFD3F7-A41B-478E-A98E-2E4EC959A9AF}.Debug|Any CPU.Build.0 = Debug|Any CPU
		{83FFD3F7-A41B-478E-A98E-2E4EC959A9AF}.Release|Any CPU.ActiveCfg = Release|Any CPU
		{83FFD3F7-A41B-478E-A98E-2E4EC959A9AF}.Release|Any CPU.Build.0 = Release|Any CPU
		{EF9B4A5F-EB24-4177-80DF-AA8101C18FCA}.Debug|Any CPU.ActiveCfg = Debug|Any CPU
		{EF9B4A5F-EB24-4177-80DF-AA8101C18FCA}.Debug|Any CPU.Build.0 = Debug|Any CPU
		{EF9B4A5F-EB24-4177-80DF-AA8101C18FCA}.Release|Any CPU.ActiveCfg = Release|Any CPU
		{EF9B4A5F-EB24-4177-80DF-AA8101C18FCA}.Release|Any CPU.Build.0 = Release|Any CPU
	EndGlobalSection
	GlobalSection(SolutionProperties) = preSolution
		HideSolutionNode = FALSE
	EndGlobalSection
	GlobalSection(ExtensibilityGlobals) = postSolution
		SolutionGuid = {4367AA13-A985-4F6D-9134-A1502C6D6795}
	EndGlobalSection
EndGlobal
